
Microsoft Visual Studio Solution File, Format Version 12.00
Project("{FAE04EC0-301F-11D3-BF4B-00C04F79EFBC}") = "Mk-C-Sharp-Training", "Mk-C-Sharp-Training\Mk-C-Sharp-Training.csproj", "{368BE8DA-F031-4C30-9BF1-8F699E29BA38}"
EndProject
Global
	GlobalSection(SolutionConfigurationPlatforms) = preSolution
		Debug|Any CPU = Debug|Any CPU
		Release|Any CPU = Release|Any CPU
	EndGlobalSection
	GlobalSection(ProjectConfigurationPlatforms) = postSolution
		{368BE8DA-F031-4C30-9BF1-8F699E29BA38}.Debug|Any CPU.ActiveCfg = Debug|Any CPU
		{368BE8DA-F031-4C30-9BF1-8F699E29BA38}.Debug|Any CPU.Build.0 = Debug|Any CPU
		{368BE8DA-F031-4C30-9BF1-8F699E29BA38}.Release|Any CPU.ActiveCfg = Release|Any CPU
		{368BE8DA-F031-4C30-9BF1-8F699E29BA38}.Release|Any CPU.Build.0 = Release|Any CPU
	EndGlobalSection
EndGlobal
